
Microsoft Visual Studio Solution File, Format Version 12.00
# Visual Studio Version 16
VisualStudioVersion = 16.0.31025.194
MinimumVisualStudioVersion = 10.0.40219.1
Project("{8BC9CEB8-8B4A-11D0-8D11-00A0C91BC942}") = "uart-demo", "uart\COM-demo.vcxproj", "{473BA8D3-22A6-4420-A73E-0472ABE64992}"
EndProject
Project("{8BC9CEB8-8B4A-11D0-8D11-00A0C91BC942}") = "udp-demo", "udp\UDP-demo.vcxproj", "{ACF02A85-CA0A-4A91-A2FD-486A4EBDAE3B}"
EndProject
Global
	GlobalSection(SolutionConfigurationPlatforms) = preSolution
		Debug|x64 = Debug|x64
		Debug|x86 = Debug|x86
		Release|x64 = Release|x64
		Release|x86 = Release|x86
	EndGlobalSection
	GlobalSection(ProjectConfigurationPlatforms) = postSolution
		{473BA8D3-22A6-4420-A73E-0472ABE64992}.Debug|x64.ActiveCfg = Debug|x64
		{473BA8D3-22A6-4420-A73E-0472ABE64992}.Debug|x64.Build.0 = Debug|x64
		{473BA8D3-22A6-4420-A73E-0472ABE64992}.Debug|x86.ActiveCfg = Debug|Win32
		{473BA8D3-22A6-4420-A73E-0472ABE64992}.Debug|x86.Build.0 = Debug|Win32
		{473BA8D3-22A6-4420-A73E-0472ABE64992}.Release|x64.ActiveCfg = Release|x64
		{473BA8D3-22A6-4420-A73E-0472ABE64992}.Release|x64.Build.0 = Release|x64
		{473BA8D3-22A6-4420-A73E-0472ABE64992}.Release|x86.ActiveCfg = Release|Win32
		{473BA8D3-22A6-4420-A73E-0472ABE64992}.Release|x86.Build.0 = Release|Win32
		{ACF02A85-CA0A-4A91-A2FD-486A4EBDAE3B}.Debug|x64.ActiveCfg = Debug|x64
		{ACF02A85-CA0A-4A91-A2FD-486A4EBDAE3B}.Debug|x64.Build.0 = Debug|x64
		{ACF02A85-CA0A-4A91-A2FD-486A4EBDAE3B}.Debug|x86.ActiveCfg = Debug|Win32
		{ACF02A85-CA0A-4A91-A2FD-486A4EBDAE3B}.Debug|x86.Build.0 = Debug|Win32
		{ACF02A85-CA0A-4A91-A2FD-486A4EBDAE3B}.Release|x64.ActiveCfg = Release|x64
		{ACF02A85-CA0A-4A91-A2FD-486A4EBDAE3B}.Release|x64.Build.0 = Release|x64
		{ACF02A85-CA0A-4A91-A2FD-486A4EBDAE3B}.Release|x86.ActiveCfg = Release|Win32
		{ACF02A85-CA0A-4A91-A2FD-486A4EBDAE3B}.Release|x86.Build.0 = Release|Win32
	EndGlobalSection
	GlobalSection(SolutionProperties) = preSolution
		HideSolutionNode = FALSE
	EndGlobalSection
	GlobalSection(ExtensibilityGlobals) = postSolution
		SolutionGuid = {5CC099B1-5058-46F9-9FBA-DC6B0D5DBDE5}
	EndGlobalSection
EndGlobal
